
Microsoft Visual Studio Solution File, Format Version 12.00
# Visual Studio Version 17
VisualStudioVersion = 17.7.34009.444
MinimumVisualStudioVersion = 10.0.40219.1
Project("{FAE04EC0-301F-11D3-BF4B-00C04F79EFBC}") = "Square Root", "Square Root\Square Root.csproj", "{454B3B9C-9403-4A11-A1B0-4503157D85F6}"
EndProject
Global
	GlobalSection(SolutionConfigurationPlatforms) = preSolution
		Debug|Any CPU = Debug|Any CPU
		Release|Any CPU = Release|Any CPU
	EndGlobalSection
	GlobalSection(ProjectConfigurationPlatforms) = postSolution
		{454B3B9C-9403-4A11-A1B0-4503157D85F6}.Debug|Any CPU.ActiveCfg = Debug|Any CPU
		{454B3B9C-9403-4A11-A1B0-4503157D85F6}.Debug|Any CPU.Build.0 = Debug|Any CPU
		{454B3B9C-9403-4A11-A1B0-4503157D85F6}.Release|Any CPU.ActiveCfg = Release|Any CPU
		{454B3B9C-9403-4A11-A1B0-4503157D85F6}.Release|Any CPU.Build.0 = Release|Any CPU
	EndGlobalSection
	GlobalSection(SolutionProperties) = preSolution
		HideSolutionNode = FALSE
	EndGlobalSection
	GlobalSection(ExtensibilityGlobals) = postSolution
		SolutionGuid = {5828A574-8137-4D7A-86D2-98AA26CC3D84}
	EndGlobalSection
EndGlobal
